// !$*UTF8*$!
{
	archiveVersion = 1;
	classes = {
	};
	objectVersion = 56;
	objects = {

/* Begin PBXBuildFile section */
		BF060BF52A87F2E70029746E /* Constants.swift in Sources */ = {isa = PBXBuildFile; fileRef = BF060BF42A87F2E70029746E /* Constants.swift */; };
		BF5552EE2A8826C000CD327A /* MealPreview.swift in Sources */ = {isa = PBXBuildFile; fileRef = BF060BFA2A87FE9B0029746E /* MealPreview.swift */; };
		BF5552EF2A8826C000CD327A /* MealDetail.swift in Sources */ = {isa = PBXBuildFile; fileRef = BF060BFC2A87FFBB0029746E /* MealDetail.swift */; };
		BF5552F02A8826FC00CD327A /* ApiCaller.swift in Sources */ = {isa = PBXBuildFile; fileRef = BF060BF72A87F4350029746E /* ApiCaller.swift */; };
		BF5552F52A89567800CD327A /* MealCollectionViewCell.swift in Sources */ = {isa = PBXBuildFile; fileRef = BF5552F42A89567800CD327A /* MealCollectionViewCell.swift */; };
		BF5552F72A8967C700CD327A /* Extensions.swift in Sources */ = {isa = PBXBuildFile; fileRef = BF5552F62A8967C700CD327A /* Extensions.swift */; };
		BF5552F92A8981B500CD327A /* MealDetailViewController.swift in Sources */ = {isa = PBXBuildFile; fileRef = BF5552F82A8981B500CD327A /* MealDetailViewController.swift */; };
		BF99AF7E2A86E5E700D4FACB /* AppDelegate.swift in Sources */ = {isa = PBXBuildFile; fileRef = BF99AF7D2A86E5E700D4FACB /* AppDelegate.swift */; };
		BF99AF802A86E5E700D4FACB /* SceneDelegate.swift in Sources */ = {isa = PBXBuildFile; fileRef = BF99AF7F2A86E5E700D4FACB /* SceneDelegate.swift */; };
		BF99AF822A86E5E700D4FACB /* MealCollectionViewController.swift in Sources */ = {isa = PBXBuildFile; fileRef = BF99AF812A86E5E700D4FACB /* MealCollectionViewController.swift */; };
		BF99AF872A86E5E800D4FACB /* Assets.xcassets in Resources */ = {isa = PBXBuildFile; fileRef = BF99AF862A86E5E800D4FACB /* Assets.xcassets */; };
		BF99AF8A2A86E5E800D4FACB /* LaunchScreen.storyboard in Resources */ = {isa = PBXBuildFile; fileRef = BF99AF882A86E5E800D4FACB /* LaunchScreen.storyboard */; };
/* End PBXBuildFile section */

/* Begin PBXFileReference section */
		BF060BF42A87F2E70029746E /* Constants.swift */ = {isa = PBXFileReference; lastKnownFileType = sourcecode.swift; path = Constants.swift; sourceTree = "<group>"; };
		BF060BF72A87F4350029746E /* ApiCaller.swift */ = {isa = PBXFileReference; lastKnownFileType = sourcecode.swift; path = ApiCaller.swift; sourceTree = "<group>"; };
		BF060BFA2A87FE9B0029746E /* MealPreview.swift */ = {isa = PBXFileReference; lastKnownFileType = sourcecode.swift; path = MealPreview.swift; sourceTree = "<group>"; };
		BF060BFC2A87FFBB0029746E /* MealDetail.swift */ = {isa = PBXFileReference; lastKnownFileType = sourcecode.swift; path = MealDetail.swift; sourceTree = "<group>"; };
		BF5552F42A89567800CD327A /* MealCollectionViewCell.swift */ = {isa = PBXFileReference; lastKnownFileType = sourcecode.swift; path = MealCollectionViewCell.swift; sourceTree = "<group>"; };
		BF5552F62A8967C700CD327A /* Extensions.swift */ = {isa = PBXFileReference; lastKnownFileType = sourcecode.swift; path = Extensions.swift; sourceTree = "<group>"; };
		BF5552F82A8981B500CD327A /* MealDetailViewController.swift */ = {isa = PBXFileReference; lastKnownFileType = sourcecode.swift; path = MealDetailViewController.swift; sourceTree = "<group>"; };
		BF99AF7A2A86E5E700D4FACB /* FetchMeal.app */ = {isa = PBXFileReference; explicitFileType = wrapper.application; includeInIndex = 0; path = FetchMeal.app; sourceTree = BUILT_PRODUCTS_DIR; };
		BF99AF7D2A86E5E700D4FACB /* AppDelegate.swift */ = {isa = PBXFileReference; lastKnownFileType = sourcecode.swift; path = AppDelegate.swift; sourceTree = "<group>"; };
		BF99AF7F2A86E5E700D4FACB /* SceneDelegate.swift */ = {isa = PBXFileReference; lastKnownFileType = sourcecode.swift; path = SceneDelegate.swift; sourceTree = "<group>"; };
		BF99AF812A86E5E700D4FACB /* MealCollectionViewController.swift */ = {isa = PBXFileReference; lastKnownFileType = sourcecode.swift; path = MealCollectionViewController.swift; sourceTree = "<group>"; };
		BF99AF862A86E5E800D4FACB /* Assets.xcassets */ = {isa = PBXFileReference; lastKnownFileType = folder.assetcatalog; path = Assets.xcassets; sourceTree = "<group>"; };
		BF99AF892A86E5E800D4FACB /* Base */ = {isa = PBXFileReference; lastKnownFileType = file.storyboard; name = Base; path = Base.lproj/LaunchScreen.storyboard; sourceTree = "<group>"; };
		BF99AF8B2A86E5E800D4FACB /* Info.plist */ = {isa = PBXFileReference; lastKnownFileType = text.plist.xml; path = Info.plist; sourceTree = "<group>"; };
/* End PBXFileReference section */

/* Begin PBXFrameworksBuildPhase section */
		BF99AF772A86E5E700D4FACB /* Frameworks */ = {
			isa = PBXFrameworksBuildPhase;
			buildActionMask = 2147483647;
			files = (
			);
			runOnlyForDeploymentPostprocessing = 0;
		};
/* End PBXFrameworksBuildPhase section */

/* Begin PBXGroup section */
		BF060BF62A87F4170029746E /* Managers */ = {
			isa = PBXGroup;
			children = (
				BF060BF72A87F4350029746E /* ApiCaller.swift */,
			);
			path = Managers;
			sourceTree = "<group>";
		};
		BF060BF92A87FE8B0029746E /* Models */ = {
			isa = PBXGroup;
			children = (
				BF060BFA2A87FE9B0029746E /* MealPreview.swift */,
				BF060BFC2A87FFBB0029746E /* MealDetail.swift */,
			);
			path = Models;
			sourceTree = "<group>";
		};
		BF5552F12A88361500CD327A /* Controllers */ = {
			isa = PBXGroup;
			children = (
				BF99AF812A86E5E700D4FACB /* MealCollectionViewController.swift */,
				BF5552F82A8981B500CD327A /* MealDetailViewController.swift */,
			);
			path = Controllers;
			sourceTree = "<group>";
		};
		BF5552F22A88363F00CD327A /* Resources */ = {
			isa = PBXGroup;
			children = (
				BF99AF7D2A86E5E700D4FACB /* AppDelegate.swift */,
				BF99AF7F2A86E5E700D4FACB /* SceneDelegate.swift */,
				BF060BF42A87F2E70029746E /* Constants.swift */,
				BF5552F62A8967C700CD327A /* Extensions.swift */,
			);
			path = Resources;
			sourceTree = "<group>";
		};
		BF5552F32A89560500CD327A /* Views */ = {
			isa = PBXGroup;
			children = (
				BF5552F42A89567800CD327A /* MealCollectionViewCell.swift */,
			);
			path = Views;
			sourceTree = "<group>";
		};
		BF99AF712A86E5E700D4FACB = {
			isa = PBXGroup;
			children = (
				BF99AF7C2A86E5E700D4FACB /* FetchMeal */,
				BF99AF7B2A86E5E700D4FACB /* Products */,
			);
			sourceTree = "<group>";
		};
		BF99AF7B2A86E5E700D4FACB /* Products */ = {
			isa = PBXGroup;
			children = (
				BF99AF7A2A86E5E700D4FACB /* FetchMeal.app */,
			);
			name = Products;
			sourceTree = "<group>";
		};
		BF99AF7C2A86E5E700D4FACB /* FetchMeal */ = {
			isa = PBXGroup;
			children = (
				BF060BF92A87FE8B0029746E /* Models */,
				BF5552F32A89560500CD327A /* Views */,
				BF5552F12A88361500CD327A /* Controllers */,
				BF060BF62A87F4170029746E /* Managers */,
				BF5552F22A88363F00CD327A /* Resources */,
				BF99AF862A86E5E800D4FACB /* Assets.xcassets */,
				BF99AF882A86E5E800D4FACB /* LaunchScreen.storyboard */,
				BF99AF8B2A86E5E800D4FACB /* Info.plist */,
			);
			path = FetchMeal;
			sourceTree = "<group>";
		};
/* End PBXGroup section */

/* Begin PBXNativeTarget section */
		BF99AF792A86E5E700D4FACB /* FetchMeal */ = {
			isa = PBXNativeTarget;
			buildConfigurationList = BF99AF8E2A86E5E800D4FACB /* Build configuration list for PBXNativeTarget "FetchMeal" */;
			buildPhases = (
				BF99AF762A86E5E700D4FACB /* Sources */,
				BF99AF772A86E5E700D4FACB /* Frameworks */,
				BF99AF782A86E5E700D4FACB /* Resources */,
			);
			buildRules = (
			);
			dependencies = (
			);
			name = FetchMeal;
			productName = FetchMeal;
			productReference = BF99AF7A2A86E5E700D4FACB /* FetchMeal.app */;
			productType = "com.apple.product-type.application";
		};
/* End PBXNativeTarget section */

/* Begin PBXProject section */
		BF99AF722A86E5E700D4FACB /* Project object */ = {
			isa = PBXProject;
			attributes = {
				BuildIndependentTargetsInParallel = 1;
				LastSwiftUpdateCheck = 1430;
				LastUpgradeCheck = 1430;
				TargetAttributes = {
					BF99AF792A86E5E700D4FACB = {
						CreatedOnToolsVersion = 14.3.1;
					};
				};
			};
			buildConfigurationList = BF99AF752A86E5E700D4FACB /* Build configuration list for PBXProject "FetchMeal" */;
			compatibilityVersion = "Xcode 14.0";
			developmentRegion = en;
			hasScannedForEncodings = 0;
			knownRegions = (
				en,
				Base,
			);
			mainGroup = BF99AF712A86E5E700D4FACB;
			productRefGroup = BF99AF7B2A86E5E700D4FACB /* Products */;
			projectDirPath = "";
			projectRoot = "";
			targets = (
				BF99AF792A86E5E700D4FACB /* FetchMeal */,
			);
		};
/* End PBXProject section */

/* Begin PBXResourcesBuildPhase section */
		BF99AF782A86E5E700D4FACB /* Resources */ = {
			isa = PBXResourcesBuildPhase;
			buildActionMask = 2147483647;
			files = (
				BF99AF8A2A86E5E800D4FACB /* LaunchScreen.storyboard in Resources */,
				BF99AF872A86E5E800D4FACB /* Assets.xcassets in Resources */,
			);
			runOnlyForDeploymentPostprocessing = 0;
		};
/* End PBXResourcesBuildPhase section */

/* Begin PBXSourcesBuildPhase section */
		BF99AF762A86E5E700D4FACB /* Sources */ = {
			isa = PBXSourcesBuildPhase;
			buildActionMask = 2147483647;
			files = (
				BF5552F02A8826FC00CD327A /* ApiCaller.swift in Sources */,
				BF5552F72A8967C700CD327A /* Extensions.swift in Sources */,
				BF5552EE2A8826C000CD327A /* MealPreview.swift in Sources */,
				BF5552EF2A8826C000CD327A /* MealDetail.swift in Sources */,
				BF99AF822A86E5E700D4FACB /* MealCollectionViewController.swift in Sources */,
				BF99AF7E2A86E5E700D4FACB /* AppDelegate.swift in Sources */,
				BF5552F52A89567800CD327A /* MealCollectionViewCell.swift in Sources */,
				BF99AF802A86E5E700D4FACB /* SceneDelegate.swift in Sources */,
				BF5552F92A8981B500CD327A /* MealDetailViewController.swift in Sources */,
				BF060BF52A87F2E70029746E /* Constants.swift in Sources */,
			);
			runOnlyForDeploymentPostprocessing = 0;
		};
/* End PBXSourcesBuildPhase section */

/* Begin PBXVariantGroup section */
		BF99AF882A86E5E800D4FACB /* LaunchScreen.storyboard */ = {
			isa = PBXVariantGroup;
			children = (
				BF99AF892A86E5E800D4FACB /* Base */,
			);
			name = LaunchScreen.storyboard;
			sourceTree = "<group>";
		};
/* End PBXVariantGroup section */

/* Begin XCBuildConfiguration section */
		BF99AF8C2A86E5E800D4FACB /* Debug */ = {
			isa = XCBuildConfiguration;
			buildSettings = {
				ALWAYS_SEARCH_USER_PATHS = NO;
				CLANG_ANALYZER_NONNULL = YES;
				CLANG_ANALYZER_NUMBER_OBJECT_CONVERSION = YES_AGGRESSIVE;
				CLANG_CXX_LANGUAGE_STANDARD = "gnu++20";
				CLANG_ENABLE_MODULES = YES;
				CLANG_ENABLE_OBJC_ARC = YES;
				CLANG_ENABLE_OBJC_WEAK = YES;
				CLANG_WARN_BLOCK_CAPTURE_AUTORELEASING = YES;
				CLANG_WARN_BOOL_CONVERSION = YES;
				CLANG_WARN_COMMA = YES;
				CLANG_WARN_CONSTANT_CONVERSION = YES;
				CLANG_WARN_DEPRECATED_OBJC_IMPLEMENTATIONS = YES;
				CLANG_WARN_DIRECT_OBJC_ISA_USAGE = YES_ERROR;
				CLANG_WARN_DOCUMENTATION_COMMENTS = YES;
				CLANG_WARN_EMPTY_BODY = YES;
				CLANG_WARN_ENUM_CONVERSION = YES;
				CLANG_WARN_INFINITE_RECURSION = YES;
				CLANG_WARN_INT_CONVERSION = YES;
				CLANG_WARN_NON_LITERAL_NULL_CONVERSION = YES;
				CLANG_WARN_OBJC_IMPLICIT_RETAIN_SELF = YES;
				CLANG_WARN_OBJC_LITERAL_CONVERSION = YES;
				CLANG_WARN_OBJC_ROOT_CLASS = YES_ERROR;
				CLANG_WARN_QUOTED_INCLUDE_IN_FRAMEWORK_HEADER = YES;
				CLANG_WARN_RANGE_LOOP_ANALYSIS = YES;
				CLANG_WARN_STRICT_PROTOTYPES = YES;
				CLANG_WARN_SUSPICIOUS_MOVE = YES;
				CLANG_WARN_UNGUARDED_AVAILABILITY = YES_AGGRESSIVE;
				CLANG_WARN_UNREACHABLE_CODE = YES;
				CLANG_WARN__DUPLICATE_METHOD_MATCH = YES;
				COPY_PHASE_STRIP = NO;
				DEBUG_INFORMATION_FORMAT = dwarf;
				ENABLE_STRICT_OBJC_MSGSEND = YES;
				ENABLE_TESTABILITY = YES;
				GCC_C_LANGUAGE_STANDARD = gnu11;
				GCC_DYNAMIC_NO_PIC = NO;
				GCC_NO_COMMON_BLOCKS = YES;
				GCC_OPTIMIZATION_LEVEL = 0;
				GCC_PREPROCESSOR_DEFINITIONS = (
					"DEBUG=1",
					"$(inherited)",
				);
				GCC_WARN_64_TO_32_BIT_CONVERSION = YES;
				GCC_WARN_ABOUT_RETURN_TYPE = YES_ERROR;
				GCC_WARN_UNDECLARED_SELECTOR = YES;
				GCC_WARN_UNINITIALIZED_AUTOS = YES_AGGRESSIVE;
				GCC_WARN_UNUSED_FUNCTION = YES;
				GCC_WARN_UNUSED_VARIABLE = YES;
				IPHONEOS_DEPLOYMENT_TARGET = 16.4;
				MTL_ENABLE_DEBUG_INFO = INCLUDE_SOURCE;
				MTL_FAST_MATH = YES;
				ONLY_ACTIVE_ARCH = YES;
				SDKROOT = iphoneos;
				SWIFT_ACTIVE_COMPILATION_CONDITIONS = DEBUG;
				SWIFT_OPTIMIZATION_LEVEL = "-Onone";
			};
			name = Debug;
		};
		BF99AF8D2A86E5E800D4FACB /* Release */ = {
			isa = XCBuildConfiguration;
			buildSettings = {
				ALWAYS_SEARCH_USER_PATHS = NO;
				CLANG_ANALYZER_NONNULL = YES;
				CLANG_ANALYZER_NUMBER_OBJECT_CONVERSION = YES_AGGRESSIVE;
				CLANG_CXX_LANGUAGE_STANDARD = "gnu++20";
				CLANG_ENABLE_MODULES = YES;
				CLANG_ENABLE_OBJC_ARC = YES;
				CLANG_ENABLE_OBJC_WEAK = YES;
				CLANG_WARN_BLOCK_CAPTURE_AUTORELEASING = YES;
				CLANG_WARN_BOOL_CONVERSION = YES;
				CLANG_WARN_COMMA = YES;
				CLANG_WARN_CONSTANT_CONVERSION = YES;
				CLANG_WARN_DEPRECATED_OBJC_IMPLEMENTATIONS = YES;
				CLANG_WARN_DIRECT_OBJC_ISA_USAGE = YES_ERROR;
				CLANG_WARN_DOCUMENTATION_COMMENTS = YES;
				CLANG_WARN_EMPTY_BODY = YES;
				CLANG_WARN_ENUM_CONVERSION = YES;
				CLANG_WARN_INFINITE_RECURSION = YES;
				CLANG_WARN_INT_CONVERSION = YES;
				CLANG_WARN_NON_LITERAL_NULL_CONVERSION = YES;
				CLANG_WARN_OBJC_IMPLICIT_RETAIN_SELF = YES;
				CLANG_WARN_OBJC_LITERAL_CONVERSION = YES;
				CLANG_WARN_OBJC_ROOT_CLASS = YES_ERROR;
				CLANG_WARN_QUOTED_INCLUDE_IN_FRAMEWORK_HEADER = YES;
				CLANG_WARN_RANGE_LOOP_ANALYSIS = YES;
				CLANG_WARN_STRICT_PROTOTYPES = YES;
				CLANG_WARN_SUSPICIOUS_MOVE = YES;
				CLANG_WARN_UNGUARDED_AVAILABILITY = YES_AGGRESSIVE;
				CLANG_WARN_UNREACHABLE_CODE = YES;
				CLANG_WARN__DUPLICATE_METHOD_MATCH = YES;
				COPY_PHASE_STRIP = NO;
				DEBUG_INFORMATION_FORMAT = "dwarf-with-dsym";
				ENABLE_NS_ASSERTIONS = NO;
				ENABLE_STRICT_OBJC_MSGSEND = YES;
				GCC_C_LANGUAGE_STANDARD = gnu11;
				GCC_NO_COMMON_BLOCKS = YES;
				GCC_WARN_64_TO_32_BIT_CONVERSION = YES;
				GCC_WARN_ABOUT_RETURN_TYPE = YES_ERROR;
				GCC_WARN_UNDECLARED_SELECTOR = YES;
				GCC_WARN_UNINITIALIZED_AUTOS = YES_AGGRESSIVE;
				GCC_WARN_UNUSED_FUNCTION = YES;
				GCC_WARN_UNUSED_VARIABLE = YES;
				IPHONEOS_DEPLOYMENT_TARGET = 16.4;
				MTL_ENABLE_DEBUG_INFO = NO;
				MTL_FAST_MATH = YES;
				SDKROOT = iphoneos;
				SWIFT_COMPILATION_MODE = wholemodule;
				SWIFT_OPTIMIZATION_LEVEL = "-O";
				VALIDATE_PRODUCT = YES;
			};
			name = Release;
		};
		BF99AF8F2A86E5E800D4FACB /* Debug */ = {
			isa = XCBuildConfiguration;
			buildSettings = {
				ASSETCATALOG_COMPILER_APPICON_NAME = AppIcon;
				ASSETCATALOG_COMPILER_GLOBAL_ACCENT_COLOR_NAME = AccentColor;
				CODE_SIGN_STYLE = Automatic;
				CURRENT_PROJECT_VERSION = 1;
				DEVELOPMENT_TEAM = P534R2B7DJ;
				GENERATE_INFOPLIST_FILE = YES;
				INFOPLIST_FILE = FetchMeal/Info.plist;
				INFOPLIST_KEY_UIApplicationSupportsIndirectInputEvents = YES;
				INFOPLIST_KEY_UILaunchStoryboardName = LaunchScreen;
				INFOPLIST_KEY_UISupportedInterfaceOrientations = UIInterfaceOrientationPortrait;
				INFOPLIST_KEY_UISupportedInterfaceOrientations_iPad = "UIInterfaceOrientationLandscapeLeft UIInterfaceOrientationLandscapeRight UIInterfaceOrientationPortrait UIInterfaceOrientationPortraitUpsideDown";
				LD_RUNPATH_SEARCH_PATHS = (
					"$(inherited)",
					"@executable_path/Frameworks",
				);
				MARKETING_VERSION = 1.0;
				PRODUCT_BUNDLE_IDENTIFIER = com.brito.FetchMeal;
				PRODUCT_NAME = "$(TARGET_NAME)";
				SUPPORTED_PLATFORMS = "iphoneos iphonesimulator";
				SUPPORTS_MACCATALYST = NO;
				SUPPORTS_MAC_DESIGNED_FOR_IPHONE_IPAD = NO;
				SWIFT_EMIT_LOC_STRINGS = YES;
				SWIFT_VERSION = 5.0;
				TARGETED_DEVICE_FAMILY = 1;
			};
			name = Debug;
		};
		BF99AF902A86E5E800D4FACB /* Release */ = {
			isa = XCBuildConfiguration;
			buildSettings = {
				ASSETCATALOG_COMPILER_APPICON_NAME = AppIcon;
				ASSETCATALOG_COMPILER_GLOBAL_ACCENT_COLOR_NAME = AccentColor;
				CODE_SIGN_STYLE = Automatic;
				CURRENT_PROJECT_VERSION = 1;
				DEVELOPMENT_TEAM = P534R2B7DJ;
				GENERATE_INFOPLIST_FILE = YES;
				INFOPLIST_FILE = FetchMeal/Info.plist;
				INFOPLIST_KEY_UIApplicationSupportsIndirectInputEvents = YES;
				INFOPLIST_KEY_UILaunchStoryboardName = LaunchScreen;
				INFOPLIST_KEY_UISupportedInterfaceOrientations = UIInterfaceOrientationPortrait;
				INFOPLIST_KEY_UISupportedInterfaceOrientations_iPad = "UIInterfaceOrientationLandscapeLeft UIInterfaceOrientationLandscapeRight UIInterfaceOrientationPortrait UIInterfaceOrientationPortraitUpsideDown";
				LD_RUNPATH_SEARCH_PATHS = (
					"$(inherited)",
					"@executable_path/Frameworks",
				);
				MARKETING_VERSION = 1.0;
				PRODUCT_BUNDLE_IDENTIFIER = com.brito.FetchMeal;
				PRODUCT_NAME = "$(TARGET_NAME)";
				SUPPORTED_PLATFORMS = "iphoneos iphonesimulator";
				SUPPORTS_MACCATALYST = NO;
				SUPPORTS_MAC_DESIGNED_FOR_IPHONE_IPAD = NO;
				SWIFT_EMIT_LOC_STRINGS = YES;
				SWIFT_VERSION = 5.0;
				TARGETED_DEVICE_FAMILY = 1;
			};
			name = Release;
		};
/* End XCBuildConfiguration section */

/* Begin XCConfigurationList section */
		BF99AF752A86E5E700D4FACB /* Build configuration list for PBXProject "FetchMeal" */ = {
			isa = XCConfigurationList;
			buildConfigurations = (
				BF99AF8C2A86E5E800D4FACB /* Debug */,
				BF99AF8D2A86E5E800D4FACB /* Release */,
			);
			defaultConfigurationIsVisible = 0;
			defaultConfigurationName = Release;
		};
		BF99AF8E2A86E5E800D4FACB /* Build configuration list for PBXNativeTarget "FetchMeal" */ = {
			isa = XCConfigurationList;
			buildConfigurations = (
				BF99AF8F2A86E5E800D4FACB /* Debug */,
				BF99AF902A86E5E800D4FACB /* Release */,
			);
			defaultConfigurationIsVisible = 0;
			defaultConfigurationName = Release;
		};
/* End XCConfigurationList section */
	};
	rootObject = BF99AF722A86E5E700D4FACB /* Project object */;
}
